
Microsoft Visual Studio Solution File, Format Version 12.00
# Visual Studio Version 16
VisualStudioVersion = 16.0.30114.105
MinimumVisualStudioVersion = 10.0.40219.1
Project("{9092AA53-FB77-4645-B42D-1CCCA6BD08BD}") = "Lab3", "Lab3\Lab3.njsproj", "{46E0B5F6-260A-4767-99B8-4EC0EC15E429}"
EndProject
Global
	GlobalSection(SolutionConfigurationPlatforms) = preSolution
		Debug|Any CPU = Debug|Any CPU
		Release|Any CPU = Release|Any CPU
	EndGlobalSection
	GlobalSection(ProjectConfigurationPlatforms) = postSolution
		{46E0B5F6-260A-4767-99B8-4EC0EC15E429}.Debug|Any CPU.ActiveCfg = Debug|Any CPU
		{46E0B5F6-260A-4767-99B8-4EC0EC15E429}.Debug|Any CPU.Build.0 = Debug|Any CPU
		{46E0B5F6-260A-4767-99B8-4EC0EC15E429}.Release|Any CPU.ActiveCfg = Release|Any CPU
		{46E0B5F6-260A-4767-99B8-4EC0EC15E429}.Release|Any CPU.Build.0 = Release|Any CPU
	EndGlobalSection
	GlobalSection(SolutionProperties) = preSolution
		HideSolutionNode = FALSE
	EndGlobalSection
	GlobalSection(ExtensibilityGlobals) = postSolution
		SolutionGuid = {C4234748-22CC-4F97-810F-62205D91FEC7}
	EndGlobalSection
EndGlobal
